PODS:
  - Alamofire (5.4.3)
  - Common (0.1.0):
    - RxSwift
  - Differentiator (4.0.1)
  - Instance (0.1.2)
  - Moya/Core (14.0.0):
    - Alamofire (~> 5.0)
  - Moya/RxSwift (14.0.0):
    - Moya/Core
    - RxSwift (~> 5.0)
  - RxCocoa (5.1.1):
    - RxRelay (~> 5)
    - RxSwift (~> 5)
  - RxDataSources (4.0.1):
    - Differentiator (~> 4.0)
    - RxCocoa (~> 5.0)
    - RxSwift (~> 5.0)
  - RxRelay (5.1.1):
    - RxSwift (~> 5)
  - RxSwift (5.1.2)
  - RxTest (5.1.2):
    - RxSwift (~> 5)
  - RxTestable (0.1.0):
    - RxRelay
    - RxTest
  - XCoordinator/Core (2.0.7)
  - XCoordinator/RxSwift (2.0.7):
    - RxSwift (~> 5.0)
    - XCoordinator/Core

DEPENDENCIES:
  - Common (from `Development Pods/Common`)
  - Instance
  - Moya/RxSwift
  - RxCocoa
  - RxDataSources
  - RxRelay
  - RxSwift
  - RxTest
  - RxTestable (from `Development Pods/RxTestable`)
  - XCoordinator/RxSwift

SPEC REPOS:
  trunk:
    - Alamofire
    - Differentiator
    - Instance
    - Moya
    - RxCocoa
    - RxDataSources
    - RxRelay
    - RxSwift
    - RxTest
    - XCoordinator

EXTERNAL SOURCES:
  Common:
    :path: Development Pods/Common
  RxTestable:
    :path: Development Pods/RxTestable

SPEC CHECKSUMS:
  Alamofire: e447a2774a40c996748296fa2c55112fdbbc42f9
  Common: a7053dea451743a1c9429bcd042f3dc2b2b1d023
  Differentiator: 886080237d9f87f322641dedbc5be257061b0602
  Instance: 94a69afd9d20934554496f9d00e3a2c181218469
  Moya: 5b45dacb75adb009f97fde91c204c1e565d31916
  RxCocoa: 32065309a38d29b5b0db858819b5bf9ef038b601
  RxDataSources: efee07fa4de48477eca0a4611e6d11e2da9c1114
  RxRelay: d77f7d771495f43c556cbc43eebd1bb54d01e8e9
  RxSwift: 1e2e1f9570186967f617e49128ed26ccf1bafc8e
  RxTest: 274549b747dca56f47c52c8991ec5cf797ecfe40
  RxTestable: 83dd8ef380715cb564488a3514cafc3f770f2ecc
  XCoordinator: 9ee654fedef1ffede33d5c11677708a555c00542

PODFILE CHECKSUM: 40dfcbf9d1d004401541ca87107701f93d4fbf58

COCOAPODS: 1.10.1
